// !$*UTF8*$!
{
	archiveVersion = 1;
	classes = {
	};
	objectVersion = 56;
	objects = {

/* Begin PBXBuildFile section */
		200A31082A58A0D100AC7AEE /* ListScrollApp.swift in Sources */ = {isa = PBXBuildFile; fileRef = 200A31072A58A0D100AC7AEE /* ListScrollApp.swift */; };
		200A310A2A58A0D100AC7AEE /* ContentView.swift in Sources */ = {isa = PBXBuildFile; fileRef = 200A31092A58A0D100AC7AEE /* ContentView.swift */; };
		200A310C2A58A0D500AC7AEE /* Assets.xcassets in Resources */ = {isa = PBXBuildFile; fileRef = 200A310B2A58A0D500AC7AEE /* Assets.xcassets */; };
		200A310F2A58A0D500AC7AEE /* Preview Assets.xcassets in Resources */ = {isa = PBXBuildFile; fileRef = 200A310E2A58A0D500AC7AEE /* Preview Assets.xcassets */; };
		200A31192A58A0D600AC7AEE /* ListScrollTests.swift in Sources */ = {isa = PBXBuildFile; fileRef = 200A31182A58A0D600AC7AEE /* ListScrollTests.swift */; };
		200A31232A58A0D600AC7AEE /* ListScrollUITests.swift in Sources */ = {isa = PBXBuildFile; fileRef = 200A31222A58A0D600AC7AEE /* ListScrollUITests.swift */; };
		200A31252A58A0D600AC7AEE /* ListScrollUITestsLaunchTests.swift in Sources */ = {isa = PBXBuildFile; fileRef = 200A31242A58A0D600AC7AEE /* ListScrollUITestsLaunchTests.swift */; };
/* End PBXBuildFile section */

/* Begin PBXContainerItemProxy section */
		200A31152A58A0D600AC7AEE /* PBXContainerItemProxy */ = {
			isa = PBXContainerItemProxy;
			containerPortal = 200A30FC2A58A0D100AC7AEE /* Project object */;
			proxyType = 1;
			remoteGlobalIDString = 200A31032A58A0D100AC7AEE;
			remoteInfo = ListScroll;
		};
		200A311F2A58A0D600AC7AEE /* PBXContainerItemProxy */ = {
			isa = PBXContainerItemProxy;
			containerPortal = 200A30FC2A58A0D100AC7AEE /* Project object */;
			proxyType = 1;
			remoteGlobalIDString = 200A31032A58A0D100AC7AEE;
			remoteInfo = ListScroll;
		};
/* End PBXContainerItemProxy section */

/* Begin PBXFileReference section */
		200A31042A58A0D100AC7AEE /* ListScroll.app */ = {isa = PBXFileReference; explicitFileType = wrapper.application; includeInIndex = 0; path = ListScroll.app; sourceTree = BUILT_PRODUCTS_DIR; };
		200A31072A58A0D100AC7AEE /* ListScrollApp.swift */ = {isa = PBXFileReference; lastKnownFileType = sourcecode.swift; path = ListScrollApp.swift; sourceTree = "<group>"; };
		200A31092A58A0D100AC7AEE /* ContentView.swift */ = {isa = PBXFileReference; lastKnownFileType = sourcecode.swift; path = ContentView.swift; sourceTree = "<group>"; };
		200A310B2A58A0D500AC7AEE /* Assets.xcassets */ = {isa = PBXFileReference; lastKnownFileType = folder.assetcatalog; path = Assets.xcassets; sourceTree = "<group>"; };
		200A310E2A58A0D500AC7AEE /* Preview Assets.xcassets */ = {isa = PBXFileReference; lastKnownFileType = folder.assetcatalog; path = "Preview Assets.xcassets"; sourceTree = "<group>"; };
		200A31142A58A0D600AC7AEE /* ListScrollTests.xctest */ = {isa = PBXFileReference; explicitFileType = wrapper.cfbundle; includeInIndex = 0; path = ListScrollTests.xctest; sourceTree = BUILT_PRODUCTS_DIR; };
		200A31182A58A0D600AC7AEE /* ListScrollTests.swift */ = {isa = PBXFileReference; lastKnownFileType = sourcecode.swift; path = ListScrollTests.swift; sourceTree = "<group>"; };
		200A311E2A58A0D600AC7AEE /* ListScrollUITests.xctest */ = {isa = PBXFileReference; explicitFileType = wrapper.cfbundle; includeInIndex = 0; path = ListScrollUITests.xctest; sourceTree = BUILT_PRODUCTS_DIR; };
		200A31222A58A0D600AC7AEE /* ListScrollUITests.swift */ = {isa = PBXFileReference; lastKnownFileType = sourcecode.swift; path = ListScrollUITests.swift; sourceTree = "<group>"; };
		200A31242A58A0D600AC7AEE /* ListScrollUITestsLaunchTests.swift */ = {isa = PBXFileReference; lastKnownFileType = sourcecode.swift; path = ListScrollUITestsLaunchTests.swift; sourceTree = "<group>"; };
/* End PBXFileReference section */

/* Begin PBXFrameworksBuildPhase section */
		200A31012A58A0D100AC7AEE /* Frameworks */ = {
			isa = PBXFrameworksBuildPhase;
			buildActionMask = 2147483647;
			files = (
			);
			runOnlyForDeploymentPostprocessing = 0;
		};
		200A31112A58A0D600AC7AEE /* Frameworks */ = {
			isa = PBXFrameworksBuildPhase;
			buildActionMask = 2147483647;
			files = (
			);
			runOnlyForDeploymentPostprocessing = 0;
		};
		200A311B2A58A0D600AC7AEE /* Frameworks */ = {
			isa = PBXFrameworksBuildPhase;
			buildActionMask = 2147483647;
			files = (
			);
			runOnlyForDeploymentPostprocessing = 0;
		};
/* End PBXFrameworksBuildPhase section */

/* Begin PBXGroup section */
		200A30FB2A58A0D100AC7AEE = {
			isa = PBXGroup;
			children = (
				200A31062A58A0D100AC7AEE /* ListScroll */,
				200A31172A58A0D600AC7AEE /* ListScrollTests */,
				200A31212A58A0D600AC7AEE /* ListScrollUITests */,
				200A31052A58A0D100AC7AEE /* Products */,
			);
			sourceTree = "<group>";
		};
		200A31052A58A0D100AC7AEE /* Products */ = {
			isa = PBXGroup;
			children = (
				200A31042A58A0D100AC7AEE /* ListScroll.app */,
				200A31142A58A0D600AC7AEE /* ListScrollTests.xctest */,
				200A311E2A58A0D600AC7AEE /* ListScrollUITests.xctest */,
			);
			name = Products;
			sourceTree = "<group>";
		};
		200A31062A58A0D100AC7AEE /* ListScroll */ = {
			isa = PBXGroup;
			children = (
				200A31072A58A0D100AC7AEE /* ListScrollApp.swift */,
				200A31092A58A0D100AC7AEE /* ContentView.swift */,
				200A310B2A58A0D500AC7AEE /* Assets.xcassets */,
				200A310D2A58A0D500AC7AEE /* Preview Content */,
			);
			path = ListScroll;
			sourceTree = "<group>";
		};
		200A310D2A58A0D500AC7AEE /* Preview Content */ = {
			isa = PBXGroup;
			children = (
				200A310E2A58A0D500AC7AEE /* Preview Assets.xcassets */,
			);
			path = "Preview Content";
			sourceTree = "<group>";
		};
		200A31172A58A0D600AC7AEE /* ListScrollTests */ = {
			isa = PBXGroup;
			children = (
				200A31182A58A0D600AC7AEE /* ListScrollTests.swift */,
			);
			path = ListScrollTests;
			sourceTree = "<group>";
		};
		200A31212A58A0D600AC7AEE /* ListScrollUITests */ = {
			isa = PBXGroup;
			children = (
				200A31222A58A0D600AC7AEE /* ListScrollUITests.swift */,
				200A31242A58A0D600AC7AEE /* ListScrollUITestsLaunchTests.swift */,
			);
			path = ListScrollUITests;
			sourceTree = "<group>";
		};
/* End PBXGroup section */

/* Begin PBXNativeTarget section */
		200A31032A58A0D100AC7AEE /* ListScroll */ = {
			isa = PBXNativeTarget;
			buildConfigurationList = 200A31282A58A0D600AC7AEE /* Build configuration list for PBXNativeTarget "ListScroll" */;
			buildPhases = (
				200A31002A58A0D100AC7AEE /* Sources */,
				200A31012A58A0D100AC7AEE /* Frameworks */,
				200A31022A58A0D100AC7AEE /* Resources */,
			);
			buildRules = (
			);
			dependencies = (
			);
			name = ListScroll;
			productName = ListScroll;
			productReference = 200A31042A58A0D100AC7AEE /* ListScroll.app */;
			productType = "com.apple.product-type.application";
		};
		200A31132A58A0D600AC7AEE /* ListScrollTests */ = {
			isa = PBXNativeTarget;
			buildConfigurationList = 200A312B2A58A0D600AC7AEE /* Build configuration list for PBXNativeTarget "ListScrollTests" */;
			buildPhases = (
				200A31102A58A0D600AC7AEE /* Sources */,
				200A31112A58A0D600AC7AEE /* Frameworks */,
				200A31122A58A0D600AC7AEE /* Resources */,
			);
			buildRules = (
			);
			dependencies = (
				200A31162A58A0D600AC7AEE /* PBXTargetDependency */,
			);
			name = ListScrollTests;
			productName = ListScrollTests;
			productReference = 200A31142A58A0D600AC7AEE /* ListScrollTests.xctest */;
			productType = "com.apple.product-type.bundle.unit-test";
		};
		200A311D2A58A0D600AC7AEE /* ListScrollUITests */ = {
			isa = PBXNativeTarget;
			buildConfigurationList = 200A312E2A58A0D600AC7AEE /* Build configuration list for PBXNativeTarget "ListScrollUITests" */;
			buildPhases = (
				200A311A2A58A0D600AC7AEE /* Sources */,
				200A311B2A58A0D600AC7AEE /* Frameworks */,
				200A311C2A58A0D600AC7AEE /* Resources */,
			);
			buildRules = (
			);
			dependencies = (
				200A31202A58A0D600AC7AEE /* PBXTargetDependency */,
			);
			name = ListScrollUITests;
			productName = ListScrollUITests;
			productReference = 200A311E2A58A0D600AC7AEE /* ListScrollUITests.xctest */;
			productType = "com.apple.product-type.bundle.ui-testing";
		};
/* End PBXNativeTarget section */

/* Begin PBXProject section */
		200A30FC2A58A0D100AC7AEE /* Project object */ = {
			isa = PBXProject;
			attributes = {
				BuildIndependentTargetsInParallel = 1;
				LastSwiftUpdateCheck = 1420;
				LastUpgradeCheck = 1420;
				TargetAttributes = {
					200A31032A58A0D100AC7AEE = {
						CreatedOnToolsVersion = 14.2;
					};
					200A31132A58A0D600AC7AEE = {
						CreatedOnToolsVersion = 14.2;
						TestTargetID = 200A31032A58A0D100AC7AEE;
					};
					200A311D2A58A0D600AC7AEE = {
						CreatedOnToolsVersion = 14.2;
						TestTargetID = 200A31032A58A0D100AC7AEE;
					};
				};
			};
			buildConfigurationList = 200A30FF2A58A0D100AC7AEE /* Build configuration list for PBXProject "ListScroll" */;
			compatibilityVersion = "Xcode 14.0";
			developmentRegion = en;
			hasScannedForEncodings = 0;
			knownRegions = (
				en,
				Base,
			);
			mainGroup = 200A30FB2A58A0D100AC7AEE;
			productRefGroup = 200A31052A58A0D100AC7AEE /* Products */;
			projectDirPath = "";
			projectRoot = "";
			targets = (
				200A31032A58A0D100AC7AEE /* ListScroll */,
				200A31132A58A0D600AC7AEE /* ListScrollTests */,
				200A311D2A58A0D600AC7AEE /* ListScrollUITests */,
			);
		};
/* End PBXProject section */

/* Begin PBXResourcesBuildPhase section */
		200A31022A58A0D100AC7AEE /* Resources */ = {
			isa = PBXResourcesBuildPhase;
			buildActionMask = 2147483647;
			files = (
				200A310F2A58A0D500AC7AEE /* Preview Assets.xcassets in Resources */,
				200A310C2A58A0D500AC7AEE /* Assets.xcassets in Resources */,
			);
			runOnlyForDeploymentPostprocessing = 0;
		};
		200A31122A58A0D600AC7AEE /* Resources */ = {
			isa = PBXResourcesBuildPhase;
			buildActionMask = 2147483647;
			files = (
			);
			runOnlyForDeploymentPostprocessing = 0;
		};
		200A311C2A58A0D600AC7AEE /* Resources */ = {
			isa = PBXResourcesBuildPhase;
			buildActionMask = 2147483647;
			files = (
			);
			runOnlyForDeploymentPostprocessing = 0;
		};
/* End PBXResourcesBuildPhase section */

/* Begin PBXSourcesBuildPhase section */
		200A31002A58A0D100AC7AEE /* Sources */ = {
			isa = PBXSourcesBuildPhase;
			buildActionMask = 2147483647;
			files = (
				200A310A2A58A0D100AC7AEE /* ContentView.swift in Sources */,
				200A31082A58A0D100AC7AEE /* ListScrollApp.swift in Sources */,
			);
			runOnlyForDeploymentPostprocessing = 0;
		};
		200A31102A58A0D600AC7AEE /* Sources */ = {
			isa = PBXSourcesBuildPhase;
			buildActionMask = 2147483647;
			files = (
				200A31192A58A0D600AC7AEE /* ListScrollTests.swift in Sources */,
			);
			runOnlyForDeploymentPostprocessing = 0;
		};
		200A311A2A58A0D600AC7AEE /* Sources */ = {
			isa = PBXSourcesBuildPhase;
			buildActionMask = 2147483647;
			files = (
				200A31232A58A0D600AC7AEE /* ListScrollUITests.swift in Sources */,
				200A31252A58A0D600AC7AEE /* ListScrollUITestsLaunchTests.swift in Sources */,
			);
			runOnlyForDeploymentPostprocessing = 0;
		};
/* End PBXSourcesBuildPhase section */

/* Begin PBXTargetDependency section */
		200A31162A58A0D600AC7AEE /* PBXTargetDependency */ = {
			isa = PBXTargetDependency;
			target = 200A31032A58A0D100AC7AEE /* ListScroll */;
			targetProxy = 200A31152A58A0D600AC7AEE /* PBXContainerItemProxy */;
		};
		200A31202A58A0D600AC7AEE /* PBXTargetDependency */ = {
			isa = PBXTargetDependency;
			target = 200A31032A58A0D100AC7AEE /* ListScroll */;
			targetProxy = 200A311F2A58A0D600AC7AEE /* PBXContainerItemProxy */;
		};
/* End PBXTargetDependency section */

/* Begin XCBuildConfiguration section */
		200A31262A58A0D600AC7AEE /* Debug */ = {
			isa = XCBuildConfiguration;
			buildSettings = {
				ALWAYS_SEARCH_USER_PATHS = NO;
				CLANG_ANALYZER_NONNULL = YES;
				CLANG_ANALYZER_NUMBER_OBJECT_CONVERSION = YES_AGGRESSIVE;
				CLANG_CXX_LANGUAGE_STANDARD = "gnu++20";
				CLANG_ENABLE_MODULES = YES;
				CLANG_ENABLE_OBJC_ARC = YES;
				CLANG_ENABLE_OBJC_WEAK = YES;
				CLANG_WARN_BLOCK_CAPTURE_AUTORELEASING = YES;
				CLANG_WARN_BOOL_CONVERSION = YES;
				CLANG_WARN_COMMA = YES;
				CLANG_WARN_CONSTANT_CONVERSION = YES;
				CLANG_WARN_DEPRECATED_OBJC_IMPLEMENTATIONS = YES;
				CLANG_WARN_DIRECT_OBJC_ISA_USAGE = YES_ERROR;
				CLANG_WARN_DOCUMENTATION_COMMENTS = YES;
				CLANG_WARN_EMPTY_BODY = YES;
				CLANG_WARN_ENUM_CONVERSION = YES;
				CLANG_WARN_INFINITE_RECURSION = YES;
				CLANG_WARN_INT_CONVERSION = YES;
				CLANG_WARN_NON_LITERAL_NULL_CONVERSION = YES;
				CLANG_WARN_OBJC_IMPLICIT_RETAIN_SELF = YES;
				CLANG_WARN_OBJC_LITERAL_CONVERSION = YES;
				CLANG_WARN_OBJC_ROOT_CLASS = YES_ERROR;
				CLANG_WARN_QUOTED_INCLUDE_IN_FRAMEWORK_HEADER = YES;
				CLANG_WARN_RANGE_LOOP_ANALYSIS = YES;
				CLANG_WARN_STRICT_PROTOTYPES = YES;
				CLANG_WARN_SUSPICIOUS_MOVE = YES;
				CLANG_WARN_UNGUARDED_AVAILABILITY = YES_AGGRESSIVE;
				CLANG_WARN_UNREACHABLE_CODE = YES;
				CLANG_WARN__DUPLICATE_METHOD_MATCH = YES;
				COPY_PHASE_STRIP = NO;
				DEBUG_INFORMATION_FORMAT = dwarf;
				ENABLE_STRICT_OBJC_MSGSEND = YES;
				ENABLE_TESTABILITY = YES;
				GCC_C_LANGUAGE_STANDARD = gnu11;
				GCC_DYNAMIC_NO_PIC = NO;
				GCC_NO_COMMON_BLOCKS = YES;
				GCC_OPTIMIZATION_LEVEL = 0;
				GCC_PREPROCESSOR_DEFINITIONS = (
					"DEBUG=1",
					"$(inherited)",
				);
				GCC_WARN_64_TO_32_BIT_CONVERSION = YES;
				GCC_WARN_ABOUT_RETURN_TYPE = YES_ERROR;
				GCC_WARN_UNDECLARED_SELECTOR = YES;
				GCC_WARN_UNINITIALIZED_AUTOS = YES_AGGRESSIVE;
				GCC_WARN_UNUSED_FUNCTION = YES;
				GCC_WARN_UNUSED_VARIABLE = YES;
				IPHONEOS_DEPLOYMENT_TARGET = 16.2;
				MTL_ENABLE_DEBUG_INFO = INCLUDE_SOURCE;
				MTL_FAST_MATH = YES;
				ONLY_ACTIVE_ARCH = YES;
				SDKROOT = iphoneos;
				SWIFT_ACTIVE_COMPILATION_CONDITIONS = DEBUG;
				SWIFT_OPTIMIZATION_LEVEL = "-Onone";
			};
			name = Debug;
		};
		200A31272A58A0D600AC7AEE /* Release */ = {
			isa = XCBuildConfiguration;
			buildSettings = {
				ALWAYS_SEARCH_USER_PATHS = NO;
				CLANG_ANALYZER_NONNULL = YES;
				CLANG_ANALYZER_NUMBER_OBJECT_CONVERSION = YES_AGGRESSIVE;
				CLANG_CXX_LANGUAGE_STANDARD = "gnu++20";
				CLANG_ENABLE_MODULES = YES;
				CLANG_ENABLE_OBJC_ARC = YES;
				CLANG_ENABLE_OBJC_WEAK = YES;
				CLANG_WARN_BLOCK_CAPTURE_AUTORELEASING = YES;
				CLANG_WARN_BOOL_CONVERSION = YES;
				CLANG_WARN_COMMA = YES;
				CLANG_WARN_CONSTANT_CONVERSION = YES;
				CLANG_WARN_DEPRECATED_OBJC_IMPLEMENTATIONS = YES;
				CLANG_WARN_DIRECT_OBJC_ISA_USAGE = YES_ERROR;
				CLANG_WARN_DOCUMENTATION_COMMENTS = YES;
				CLANG_WARN_EMPTY_BODY = YES;
				CLANG_WARN_ENUM_CONVERSION = YES;
				CLANG_WARN_INFINITE_RECURSION = YES;
				CLANG_WARN_INT_CONVERSION = YES;
				CLANG_WARN_NON_LITERAL_NULL_CONVERSION = YES;
				CLANG_WARN_OBJC_IMPLICIT_RETAIN_SELF = YES;
				CLANG_WARN_OBJC_LITERAL_CONVERSION = YES;
				CLANG_WARN_OBJC_ROOT_CLASS = YES_ERROR;
				CLANG_WARN_QUOTED_INCLUDE_IN_FRAMEWORK_HEADER = YES;
				CLANG_WARN_RANGE_LOOP_ANALYSIS = YES;
				CLANG_WARN_STRICT_PROTOTYPES = YES;
				CLANG_WARN_SUSPICIOUS_MOVE = YES;
				CLANG_WARN_UNGUARDED_AVAILABILITY = YES_AGGRESSIVE;
				CLANG_WARN_UNREACHABLE_CODE = YES;
				CLANG_WARN__DUPLICATE_METHOD_MATCH = YES;
				COPY_PHASE_STRIP = NO;
				DEBUG_INFORMATION_FORMAT = "dwarf-with-dsym";
				ENABLE_NS_ASSERTIONS = NO;
				ENABLE_STRICT_OBJC_MSGSEND = YES;
				GCC_C_LANGUAGE_STANDARD = gnu11;
				GCC_NO_COMMON_BLOCKS = YES;
				GCC_WARN_64_TO_32_BIT_CONVERSION = YES;
				GCC_WARN_ABOUT_RETURN_TYPE = YES_ERROR;
				GCC_WARN_UNDECLARED_SELECTOR = YES;
				GCC_WARN_UNINITIALIZED_AUTOS = YES_AGGRESSIVE;
				GCC_WARN_UNUSED_FUNCTION = YES;
				GCC_WARN_UNUSED_VARIABLE = YES;
				IPHONEOS_DEPLOYMENT_TARGET = 16.2;
				MTL_ENABLE_DEBUG_INFO = NO;
				MTL_FAST_MATH = YES;
				SDKROOT = iphoneos;
				SWIFT_COMPILATION_MODE = wholemodule;
				SWIFT_OPTIMIZATION_LEVEL = "-O";
				VALIDATE_PRODUCT = YES;
			};
			name = Release;
		};
		200A31292A58A0D600AC7AEE /* Debug */ = {
			isa = XCBuildConfiguration;
			buildSettings = {
				ASSETCATALOG_COMPILER_APPICON_NAME = AppIcon;
				ASSETCATALOG_COMPILER_GLOBAL_ACCENT_COLOR_NAME = AccentColor;
				CODE_SIGN_STYLE = Automatic;
				CURRENT_PROJECT_VERSION = 1;
				DEVELOPMENT_ASSET_PATHS = "\"ListScroll/Preview Content\"";
				ENABLE_PREVIEWS = YES;
				GENERATE_INFOPLIST_FILE = YES;
				INFOPLIST_KEY_UIApplicationSceneManifest_Generation = YES;
				INFOPLIST_KEY_UIApplicationSupportsIndirectInputEvents = YES;
				INFOPLIST_KEY_UILaunchScreen_Generation = YES;
				INFOPLIST_KEY_UISupportedInterfaceOrientations_iPad = "UIInterfaceOrientationPortrait UIInterfaceOrientationPortraitUpsideDown UIInterfaceOrientationLandscapeLeft UIInterfaceOrientationLandscapeRight";
				INFOPLIST_KEY_UISupportedInterfaceOrientations_iPhone = "UIInterfaceOrientationPortrait UIInterfaceOrientationLandscapeLeft UIInterfaceOrientationLandscapeRight";
				LD_RUNPATH_SEARCH_PATHS = (
					"$(inherited)",
					"@executable_path/Frameworks",
				);
				MARKETING_VERSION = 1.0;
				PRODUCT_BUNDLE_IDENTIFIER = com.nawalahmed.ListScroll;
				PRODUCT_NAME = "$(TARGET_NAME)";
				SWIFT_EMIT_LOC_STRINGS = YES;
				SWIFT_VERSION = 5.0;
				TARGETED_DEVICE_FAMILY = "1,2";
			};
			name = Debug;
		};
		200A312A2A58A0D600AC7AEE /* Release */ = {
			isa = XCBuildConfiguration;
			buildSettings = {
				ASSETCATALOG_COMPILER_APPICON_NAME = AppIcon;
				ASSETCATALOG_COMPILER_GLOBAL_ACCENT_COLOR_NAME = AccentColor;
				CODE_SIGN_STYLE = Automatic;
				CURRENT_PROJECT_VERSION = 1;
				DEVELOPMENT_ASSET_PATHS = "\"ListScroll/Preview Content\"";
				ENABLE_PREVIEWS = YES;
				GENERATE_INFOPLIST_FILE = YES;
				INFOPLIST_KEY_UIApplicationSceneManifest_Generation = YES;
				INFOPLIST_KEY_UIApplicationSupportsIndirectInputEvents = YES;
				INFOPLIST_KEY_UILaunchScreen_Generation = YES;
				INFOPLIST_KEY_UISupportedInterfaceOrientations_iPad = "UIInterfaceOrientationPortrait UIInterfaceOrientationPortraitUpsideDown UIInterfaceOrientationLandscapeLeft UIInterfaceOrientationLandscapeRight";
				INFOPLIST_KEY_UISupportedInterfaceOrientations_iPhone = "UIInterfaceOrientationPortrait UIInterfaceOrientationLandscapeLeft UIInterfaceOrientationLandscapeRight";
				LD_RUNPATH_SEARCH_PATHS = (
					"$(inherited)",
					"@executable_path/Frameworks",
				);
				MARKETING_VERSION = 1.0;
				PRODUCT_BUNDLE_IDENTIFIER = com.nawalahmed.ListScroll;
				PRODUCT_NAME = "$(TARGET_NAME)";
				SWIFT_EMIT_LOC_STRINGS = YES;
				SWIFT_VERSION = 5.0;
				TARGETED_DEVICE_FAMILY = "1,2";
			};
			name = Release;
		};
		200A312C2A58A0D600AC7AEE /* Debug */ = {
			isa = XCBuildConfiguration;
			buildSettings = {
				ALWAYS_EMBED_SWIFT_STANDARD_LIBRARIES = YES;
				BUNDLE_LOADER = "$(TEST_HOST)";
				CODE_SIGN_STYLE = Automatic;
				CURRENT_PROJECT_VERSION = 1;
				GENERATE_INFOPLIST_FILE = YES;
				IPHONEOS_DEPLOYMENT_TARGET = 16.2;
				MARKETING_VERSION = 1.0;
				PRODUCT_BUNDLE_IDENTIFIER = com.nawalahmed.ListScrollTests;
				PRODUCT_NAME = "$(TARGET_NAME)";
				SWIFT_EMIT_LOC_STRINGS = NO;
				SWIFT_VERSION = 5.0;
				TARGETED_DEVICE_FAMILY = "1,2";
				TEST_HOST = "$(BUILT_PRODUCTS_DIR)/ListScroll.app/$(BUNDLE_EXECUTABLE_FOLDER_PATH)/ListScroll";
			};
			name = Debug;
		};
		200A312D2A58A0D600AC7AEE /* Release */ = {
			isa = XCBuildConfiguration;
			buildSettings = {
				ALWAYS_EMBED_SWIFT_STANDARD_LIBRARIES = YES;
				BUNDLE_LOADER = "$(TEST_HOST)";
				CODE_SIGN_STYLE = Automatic;
				CURRENT_PROJECT_VERSION = 1;
				GENERATE_INFOPLIST_FILE = YES;
				IPHONEOS_DEPLOYMENT_TARGET = 16.2;
				MARKETING_VERSION = 1.0;
				PRODUCT_BUNDLE_IDENTIFIER = com.nawalahmed.ListScrollTests;
				PRODUCT_NAME = "$(TARGET_NAME)";
				SWIFT_EMIT_LOC_STRINGS = NO;
				SWIFT_VERSION = 5.0;
				TARGETED_DEVICE_FAMILY = "1,2";
				TEST_HOST = "$(BUILT_PRODUCTS_DIR)/ListScroll.app/$(BUNDLE_EXECUTABLE_FOLDER_PATH)/ListScroll";
			};
			name = Release;
		};
		200A312F2A58A0D600AC7AEE /* Debug */ = {
			isa = XCBuildConfiguration;
			buildSettings = {
				ALWAYS_EMBED_SWIFT_STANDARD_LIBRARIES = YES;
				CODE_SIGN_STYLE = Automatic;
				CURRENT_PROJECT_VERSION = 1;
				GENERATE_INFOPLIST_FILE = YES;
				MARKETING_VERSION = 1.0;
				PRODUCT_BUNDLE_IDENTIFIER = com.nawalahmed.ListScrollUITests;
				PRODUCT_NAME = "$(TARGET_NAME)";
				SWIFT_EMIT_LOC_STRINGS = NO;
				SWIFT_VERSION = 5.0;
				TARGETED_DEVICE_FAMILY = "1,2";
				TEST_TARGET_NAME = ListScroll;
			};
			name = Debug;
		};
		200A31302A58A0D600AC7AEE /* Release */ = {
			isa = XCBuildConfiguration;
			buildSettings = {
				ALWAYS_EMBED_SWIFT_STANDARD_LIBRARIES = YES;
				CODE_SIGN_STYLE = Automatic;
				CURRENT_PROJECT_VERSION = 1;
				GENERATE_INFOPLIST_FILE = YES;
				MARKETING_VERSION = 1.0;
				PRODUCT_BUNDLE_IDENTIFIER = com.nawalahmed.ListScrollUITests;
				PRODUCT_NAME = "$(TARGET_NAME)";
				SWIFT_EMIT_LOC_STRINGS = NO;
				SWIFT_VERSION = 5.0;
				TARGETED_DEVICE_FAMILY = "1,2";
				TEST_TARGET_NAME = ListScroll;
			};
			name = Release;
		};
/* End XCBuildConfiguration section */

/* Begin XCConfigurationList section */
		200A30FF2A58A0D100AC7AEE /* Build configuration list for PBXProject "ListScroll" */ = {
			isa = XCConfigurationList;
			buildConfigurations = (
				200A31262A58A0D600AC7AEE /* Debug */,
				200A31272A58A0D600AC7AEE /* Release */,
			);
			defaultConfigurationIsVisible = 0;
			defaultConfigurationName = Release;
		};
		200A31282A58A0D600AC7AEE /* Build configuration list for PBXNativeTarget "ListScroll" */ = {
			isa = XCConfigurationList;
			buildConfigurations = (
				200A31292A58A0D600AC7AEE /* Debug */,
				200A312A2A58A0D600AC7AEE /* Release */,
			);
			defaultConfigurationIsVisible = 0;
			defaultConfigurationName = Release;
		};
		200A312B2A58A0D600AC7AEE /* Build configuration list for PBXNativeTarget "ListScrollTests" */ = {
			isa = XCConfigurationList;
			buildConfigurations = (
				200A312C2A58A0D600AC7AEE /* Debug */,
				200A312D2A58A0D600AC7AEE /* Release */,
			);
			defaultConfigurationIsVisible = 0;
			defaultConfigurationName = Release;
		};
		200A312E2A58A0D600AC7AEE /* Build configuration list for PBXNativeTarget "ListScrollUITests" */ = {
			isa = XCConfigurationList;
			buildConfigurations = (
				200A312F2A58A0D600AC7AEE /* Debug */,
				200A31302A58A0D600AC7AEE /* Release */,
			);
			defaultConfigurationIsVisible = 0;
			defaultConfigurationName = Release;
		};
/* End XCConfigurationList section */
	};
	rootObject = 200A30FC2A58A0D100AC7AEE /* Project object */;
}
